// !$*UTF8*$!
{
	archiveVersion = 1;
	classes = {
	};
	objectVersion = 55;
	objects = {

/* Begin PBXBuildFile section */
		311516E628A81DD500404D04 /* TwitterUICopyApp.swift in Sources */ = {isa = PBXBuildFile; fileRef = 311516E528A81DD500404D04 /* TwitterUICopyApp.swift */; };
		311516E828A81DD500404D04 /* ContentView.swift in Sources */ = {isa = PBXBuildFile; fileRef = 311516E728A81DD500404D04 /* ContentView.swift */; };
		311516EA28A81DD600404D04 /* Assets.xcassets in Resources */ = {isa = PBXBuildFile; fileRef = 311516E928A81DD600404D04 /* Assets.xcassets */; };
		311516ED28A81DD600404D04 /* Preview Assets.xcassets in Resources */ = {isa = PBXBuildFile; fileRef = 311516EC28A81DD600404D04 /* Preview Assets.xcassets */; };
		311516F728A81DD600404D04 /* TwitterUICopyTests.swift in Sources */ = {isa = PBXBuildFile; fileRef = 311516F628A81DD600404D04 /* TwitterUICopyTests.swift */; };
		3115170128A81DD600404D04 /* TwitterUICopyUITests.swift in Sources */ = {isa = PBXBuildFile; fileRef = 3115170028A81DD600404D04 /* TwitterUICopyUITests.swift */; };
		3115170328A81DD600404D04 /* TwitterUICopyUITestsLaunchTests.swift in Sources */ = {isa = PBXBuildFile; fileRef = 3115170228A81DD600404D04 /* TwitterUICopyUITestsLaunchTests.swift */; };
		3115171828A8260000404D04 /* FeedView.swift in Sources */ = {isa = PBXBuildFile; fileRef = 3115171728A8260000404D04 /* FeedView.swift */; };
		3115171B28A8277800404D04 /* TweetRowView.swift in Sources */ = {isa = PBXBuildFile; fileRef = 3115171A28A8277800404D04 /* TweetRowView.swift */; };
		319093D728A89C3800185B82 /* MainTabView.swift in Sources */ = {isa = PBXBuildFile; fileRef = 319093D628A89C3800185B82 /* MainTabView.swift */; };
		319093DD28A8A01500185B82 /* ExploreView.swift in Sources */ = {isa = PBXBuildFile; fileRef = 319093DC28A8A01500185B82 /* ExploreView.swift */; };
		319093DF28A8A02D00185B82 /* NotificationsView.swift in Sources */ = {isa = PBXBuildFile; fileRef = 319093DE28A8A02D00185B82 /* NotificationsView.swift */; };
		319093E328A8A04E00185B82 /* MessagesView.swift in Sources */ = {isa = PBXBuildFile; fileRef = 319093E228A8A04E00185B82 /* MessagesView.swift */; };
		319093E728A8A21400185B82 /* ProfileView.swift in Sources */ = {isa = PBXBuildFile; fileRef = 319093E628A8A21400185B82 /* ProfileView.swift */; };
		319093E928A941E000185B82 /* TweetFilterViewModel.swift in Sources */ = {isa = PBXBuildFile; fileRef = 319093E828A941E000185B82 /* TweetFilterViewModel.swift */; };
/* End PBXBuildFile section */

/* Begin PBXContainerItemProxy section */
		311516F328A81DD600404D04 /* PBXContainerItemProxy */ = {
			isa = PBXContainerItemProxy;
			containerPortal = 311516DA28A81DD500404D04 /* Project object */;
			proxyType = 1;
			remoteGlobalIDString = 311516E128A81DD500404D04;
			remoteInfo = TwitterUICopy;
		};
		311516FD28A81DD600404D04 /* PBXContainerItemProxy */ = {
			isa = PBXContainerItemProxy;
			containerPortal = 311516DA28A81DD500404D04 /* Project object */;
			proxyType = 1;
			remoteGlobalIDString = 311516E128A81DD500404D04;
			remoteInfo = TwitterUICopy;
		};
/* End PBXContainerItemProxy section */

/* Begin PBXFileReference section */
		311516E228A81DD500404D04 /* TwitterUICopy.app */ = {isa = PBXFileReference; explicitFileType = wrapper.application; includeInIndex = 0; path = TwitterUICopy.app; sourceTree = BUILT_PRODUCTS_DIR; };
		311516E528A81DD500404D04 /* TwitterUICopyApp.swift */ = {isa = PBXFileReference; lastKnownFileType = sourcecode.swift; path = TwitterUICopyApp.swift; sourceTree = "<group>"; };
		311516E728A81DD500404D04 /* ContentView.swift */ = {isa = PBXFileReference; lastKnownFileType = sourcecode.swift; path = ContentView.swift; sourceTree = "<group>"; };
		311516E928A81DD600404D04 /* Assets.xcassets */ = {isa = PBXFileReference; lastKnownFileType = folder.assetcatalog; path = Assets.xcassets; sourceTree = "<group>"; };
		311516EC28A81DD600404D04 /* Preview Assets.xcassets */ = {isa = PBXFileReference; lastKnownFileType = folder.assetcatalog; path = "Preview Assets.xcassets"; sourceTree = "<group>"; };
		311516F228A81DD600404D04 /* TwitterUICopyTests.xctest */ = {isa = PBXFileReference; explicitFileType = wrapper.cfbundle; includeInIndex = 0; path = TwitterUICopyTests.xctest; sourceTree = BUILT_PRODUCTS_DIR; };
		311516F628A81DD600404D04 /* TwitterUICopyTests.swift */ = {isa = PBXFileReference; lastKnownFileType = sourcecode.swift; path = TwitterUICopyTests.swift; sourceTree = "<group>"; };
		311516FC28A81DD600404D04 /* TwitterUICopyUITests.xctest */ = {isa = PBXFileReference; explicitFileType = wrapper.cfbundle; includeInIndex = 0; path = TwitterUICopyUITests.xctest; sourceTree = BUILT_PRODUCTS_DIR; };
		3115170028A81DD600404D04 /* TwitterUICopyUITests.swift */ = {isa = PBXFileReference; lastKnownFileType = sourcecode.swift; path = TwitterUICopyUITests.swift; sourceTree = "<group>"; };
		3115170228A81DD600404D04 /* TwitterUICopyUITestsLaunchTests.swift */ = {isa = PBXFileReference; lastKnownFileType = sourcecode.swift; path = TwitterUICopyUITestsLaunchTests.swift; sourceTree = "<group>"; };
		3115171728A8260000404D04 /* FeedView.swift */ = {isa = PBXFileReference; lastKnownFileType = sourcecode.swift; path = FeedView.swift; sourceTree = "<group>"; };
		3115171A28A8277800404D04 /* TweetRowView.swift */ = {isa = PBXFileReference; lastKnownFileType = sourcecode.swift; path = TweetRowView.swift; sourceTree = "<group>"; };
		319093D628A89C3800185B82 /* MainTabView.swift */ = {isa = PBXFileReference; lastKnownFileType = sourcecode.swift; path = MainTabView.swift; sourceTree = "<group>"; };
		319093DC28A8A01500185B82 /* ExploreView.swift */ = {isa = PBXFileReference; lastKnownFileType = sourcecode.swift; path = ExploreView.swift; sourceTree = "<group>"; };
		319093DE28A8A02D00185B82 /* NotificationsView.swift */ = {isa = PBXFileReference; lastKnownFileType = sourcecode.swift; path = NotificationsView.swift; sourceTree = "<group>"; };
		319093E228A8A04E00185B82 /* MessagesView.swift */ = {isa = PBXFileReference; lastKnownFileType = sourcecode.swift; path = MessagesView.swift; sourceTree = "<group>"; };
		319093E628A8A21400185B82 /* ProfileView.swift */ = {isa = PBXFileReference; lastKnownFileType = sourcecode.swift; path = ProfileView.swift; sourceTree = "<group>"; };
		319093E828A941E000185B82 /* TweetFilterViewModel.swift */ = {isa = PBXFileReference; lastKnownFileType = sourcecode.swift; path = TweetFilterViewModel.swift; sourceTree = "<group>"; };
/* End PBXFileReference section */

/* Begin PBXFrameworksBuildPhase section */
		311516DF28A81DD500404D04 /* Frameworks */ = {
			isa = PBXFrameworksBuildPhase;
			buildActionMask = 2147483647;
			files = (
			);
			runOnlyForDeploymentPostprocessing = 0;
		};
		311516EF28A81DD600404D04 /* Frameworks */ = {
			isa = PBXFrameworksBuildPhase;
			buildActionMask = 2147483647;
			files = (
			);
			runOnlyForDeploymentPostprocessing = 0;
		};
		311516F928A81DD600404D04 /* Frameworks */ = {
			isa = PBXFrameworksBuildPhase;
			buildActionMask = 2147483647;
			files = (
			);
			runOnlyForDeploymentPostprocessing = 0;
		};
/* End PBXFrameworksBuildPhase section */

/* Begin PBXGroup section */
		311516D928A81DD500404D04 = {
			isa = PBXGroup;
			children = (
				311516E428A81DD500404D04 /* TwitterUICopy */,
				311516F528A81DD600404D04 /* TwitterUICopyTests */,
				311516FF28A81DD600404D04 /* TwitterUICopyUITests */,
				311516E328A81DD500404D04 /* Products */,
			);
			sourceTree = "<group>";
		};
		311516E328A81DD500404D04 /* Products */ = {
			isa = PBXGroup;
			children = (
				311516E228A81DD500404D04 /* TwitterUICopy.app */,
				311516F228A81DD600404D04 /* TwitterUICopyTests.xctest */,
				311516FC28A81DD600404D04 /* TwitterUICopyUITests.xctest */,
			);
			name = Products;
			sourceTree = "<group>";
		};
		311516E428A81DD500404D04 /* TwitterUICopy */ = {
			isa = PBXGroup;
			children = (
				3115171228A8251000404D04 /* Extensions */,
				3115171128A8250D00404D04 /* Model */,
				3115171028A8250A00404D04 /* Service */,
				3115170F28A8250600404D04 /* Core */,
				311516E528A81DD500404D04 /* TwitterUICopyApp.swift */,
				311516E728A81DD500404D04 /* ContentView.swift */,
				311516E928A81DD600404D04 /* Assets.xcassets */,
				311516EB28A81DD600404D04 /* Preview Content */,
			);
			path = TwitterUICopy;
			sourceTree = "<group>";
		};
		311516EB28A81DD600404D04 /* Preview Content */ = {
			isa = PBXGroup;
			children = (
				311516EC28A81DD600404D04 /* Preview Assets.xcassets */,
			);
			path = "Preview Content";
			sourceTree = "<group>";
		};
		311516F528A81DD600404D04 /* TwitterUICopyTests */ = {
			isa = PBXGroup;
			children = (
				311516F628A81DD600404D04 /* TwitterUICopyTests.swift */,
			);
			path = TwitterUICopyTests;
			sourceTree = "<group>";
		};
		311516FF28A81DD600404D04 /* TwitterUICopyUITests */ = {
			isa = PBXGroup;
			children = (
				3115170028A81DD600404D04 /* TwitterUICopyUITests.swift */,
				3115170228A81DD600404D04 /* TwitterUICopyUITestsLaunchTests.swift */,
			);
			path = TwitterUICopyUITests;
			sourceTree = "<group>";
		};
		3115170F28A8250600404D04 /* Core */ = {
			isa = PBXGroup;
			children = (
				3115171428A8257800404D04 /* Components */,
				319093DB28A89FEA00185B82 /* Notifications */,
				319093DA28A89FDB00185B82 /* Profile */,
				319093D928A89FCB00185B82 /* Messages */,
				319093D828A89FC400185B82 /* Explore */,
				319093D528A89C0800185B82 /* MainTab */,
				3115171328A8256600404D04 /* Feed */,
			);
			path = Core;
			sourceTree = "<group>";
		};
		3115171028A8250A00404D04 /* Service */ = {
			isa = PBXGroup;
			children = (
			);
			path = Service;
			sourceTree = "<group>";
		};
		3115171128A8250D00404D04 /* Model */ = {
			isa = PBXGroup;
			children = (
			);
			path = Model;
			sourceTree = "<group>";
		};
		3115171228A8251000404D04 /* Extensions */ = {
			isa = PBXGroup;
			children = (
			);
			path = Extensions;
			sourceTree = "<group>";
		};
		3115171328A8256600404D04 /* Feed */ = {
			isa = PBXGroup;
			children = (
				3115171628A825D600404D04 /* View */,
				3115171528A825CB00404D04 /* ViewModels */,
			);
			path = Feed;
			sourceTree = "<group>";
		};
		3115171428A8257800404D04 /* Components */ = {
			isa = PBXGroup;
			children = (
				3115171928A8273700404D04 /* Tweets */,
			);
			path = Components;
			sourceTree = "<group>";
		};
		3115171528A825CB00404D04 /* ViewModels */ = {
			isa = PBXGroup;
			children = (
			);
			path = ViewModels;
			sourceTree = "<group>";
		};
		3115171628A825D600404D04 /* View */ = {
			isa = PBXGroup;
			children = (
				3115171728A8260000404D04 /* FeedView.swift */,
			);
			path = View;
			sourceTree = "<group>";
		};
		3115171928A8273700404D04 /* Tweets */ = {
			isa = PBXGroup;
			children = (
				3115171A28A8277800404D04 /* TweetRowView.swift */,
			);
			path = Tweets;
			sourceTree = "<group>";
		};
		319093D528A89C0800185B82 /* MainTab */ = {
			isa = PBXGroup;
			children = (
				319093D628A89C3800185B82 /* MainTabView.swift */,
			);
			path = MainTab;
			sourceTree = "<group>";
		};
		319093D828A89FC400185B82 /* Explore */ = {
			isa = PBXGroup;
			children = (
				319093DC28A8A01500185B82 /* ExploreView.swift */,
			);
			path = Explore;
			sourceTree = "<group>";
		};
		319093D928A89FCB00185B82 /* Messages */ = {
			isa = PBXGroup;
			children = (
				319093E228A8A04E00185B82 /* MessagesView.swift */,
			);
			path = Messages;
			sourceTree = "<group>";
		};
		319093DA28A89FDB00185B82 /* Profile */ = {
			isa = PBXGroup;
			children = (
				319093E528A8A1F000185B82 /* ViewModels */,
				319093E428A8A1E500185B82 /* Views */,
			);
			path = Profile;
			sourceTree = "<group>";
		};
		319093DB28A89FEA00185B82 /* Notifications */ = {
			isa = PBXGroup;
			children = (
				319093DE28A8A02D00185B82 /* NotificationsView.swift */,
			);
			path = Notifications;
			sourceTree = "<group>";
		};
		319093E428A8A1E500185B82 /* Views */ = {
			isa = PBXGroup;
			children = (
				319093E628A8A21400185B82 /* ProfileView.swift */,
			);
			path = Views;
			sourceTree = "<group>";
		};
		319093E528A8A1F000185B82 /* ViewModels */ = {
			isa = PBXGroup;
			children = (
				319093E828A941E000185B82 /* TweetFilterViewModel.swift */,
			);
			path = ViewModels;
			sourceTree = "<group>";
		};
/* End PBXGroup section */

/* Begin PBXNativeTarget section */
		311516E128A81DD500404D04 /* TwitterUICopy */ = {
			isa = PBXNativeTarget;
			buildConfigurationList = 3115170628A81DD600404D04 /* Build configuration list for PBXNativeTarget "TwitterUICopy" */;
			buildPhases = (
				311516DE28A81DD500404D04 /* Sources */,
				311516DF28A81DD500404D04 /* Frameworks */,
				311516E028A81DD500404D04 /* Resources */,
			);
			buildRules = (
			);
			dependencies = (
			);
			name = TwitterUICopy;
			productName = TwitterUICopy;
			productReference = 311516E228A81DD500404D04 /* TwitterUICopy.app */;
			productType = "com.apple.product-type.application";
		};
		311516F128A81DD600404D04 /* TwitterUICopyTests */ = {
			isa = PBXNativeTarget;
			buildConfigurationList = 3115170928A81DD600404D04 /* Build configuration list for PBXNativeTarget "TwitterUICopyTests" */;
			buildPhases = (
				311516EE28A81DD600404D04 /* Sources */,
				311516EF28A81DD600404D04 /* Frameworks */,
				311516F028A81DD600404D04 /* Resources */,
			);
			buildRules = (
			);
			dependencies = (
				311516F428A81DD600404D04 /* PBXTargetDependency */,
			);
			name = TwitterUICopyTests;
			productName = TwitterUICopyTests;
			productReference = 311516F228A81DD600404D04 /* TwitterUICopyTests.xctest */;
			productType = "com.apple.product-type.bundle.unit-test";
		};
		311516FB28A81DD600404D04 /* TwitterUICopyUITests */ = {
			isa = PBXNativeTarget;
			buildConfigurationList = 3115170C28A81DD600404D04 /* Build configuration list for PBXNativeTarget "TwitterUICopyUITests" */;
			buildPhases = (
				311516F828A81DD600404D04 /* Sources */,
				311516F928A81DD600404D04 /* Frameworks */,
				311516FA28A81DD600404D04 /* Resources */,
			);
			buildRules = (
			);
			dependencies = (
				311516FE28A81DD600404D04 /* PBXTargetDependency */,
			);
			name = TwitterUICopyUITests;
			productName = TwitterUICopyUITests;
			productReference = 311516FC28A81DD600404D04 /* TwitterUICopyUITests.xctest */;
			productType = "com.apple.product-type.bundle.ui-testing";
		};
/* End PBXNativeTarget section */

/* Begin PBXProject section */
		311516DA28A81DD500404D04 /* Project object */ = {
			isa = PBXProject;
			attributes = {
				BuildIndependentTargetsInParallel = 1;
				LastSwiftUpdateCheck = 1310;
				LastUpgradeCheck = 1310;
				TargetAttributes = {
					311516E128A81DD500404D04 = {
						CreatedOnToolsVersion = 13.1;
					};
					311516F128A81DD600404D04 = {
						CreatedOnToolsVersion = 13.1;
						TestTargetID = 311516E128A81DD500404D04;
					};
					311516FB28A81DD600404D04 = {
						CreatedOnToolsVersion = 13.1;
						TestTargetID = 311516E128A81DD500404D04;
					};
				};
			};
			buildConfigurationList = 311516DD28A81DD500404D04 /* Build configuration list for PBXProject "TwitterUICopy" */;
			compatibilityVersion = "Xcode 13.0";
			developmentRegion = en;
			hasScannedForEncodings = 0;
			knownRegions = (
				en,
				Base,
			);
			mainGroup = 311516D928A81DD500404D04;
			productRefGroup = 311516E328A81DD500404D04 /* Products */;
			projectDirPath = "";
			projectRoot = "";
			targets = (
				311516E128A81DD500404D04 /* TwitterUICopy */,
				311516F128A81DD600404D04 /* TwitterUICopyTests */,
				311516FB28A81DD600404D04 /* TwitterUICopyUITests */,
			);
		};
/* End PBXProject section */

/* Begin PBXResourcesBuildPhase section */
		311516E028A81DD500404D04 /* Resources */ = {
			isa = PBXResourcesBuildPhase;
			buildActionMask = 2147483647;
			files = (
				311516ED28A81DD600404D04 /* Preview Assets.xcassets in Resources */,
				311516EA28A81DD600404D04 /* Assets.xcassets in Resources */,
			);
			runOnlyForDeploymentPostprocessing = 0;
		};
		311516F028A81DD600404D04 /* Resources */ = {
			isa = PBXResourcesBuildPhase;
			buildActionMask = 2147483647;
			files = (
			);
			runOnlyForDeploymentPostprocessing = 0;
		};
		311516FA28A81DD600404D04 /* Resources */ = {
			isa = PBXResourcesBuildPhase;
			buildActionMask = 2147483647;
			files = (
			);
			runOnlyForDeploymentPostprocessing = 0;
		};
/* End PBXResourcesBuildPhase section */

/* Begin PBXSourcesBuildPhase section */
		311516DE28A81DD500404D04 /* Sources */ = {
			isa = PBXSourcesBuildPhase;
			buildActionMask = 2147483647;
			files = (
				311516E828A81DD500404D04 /* ContentView.swift in Sources */,
				319093E728A8A21400185B82 /* ProfileView.swift in Sources */,
				319093E328A8A04E00185B82 /* MessagesView.swift in Sources */,
				3115171B28A8277800404D04 /* TweetRowView.swift in Sources */,
				319093E928A941E000185B82 /* TweetFilterViewModel.swift in Sources */,
				3115171828A8260000404D04 /* FeedView.swift in Sources */,
				311516E628A81DD500404D04 /* TwitterUICopyApp.swift in Sources */,
				319093DD28A8A01500185B82 /* ExploreView.swift in Sources */,
				319093D728A89C3800185B82 /* MainTabView.swift in Sources */,
				319093DF28A8A02D00185B82 /* NotificationsView.swift in Sources */,
			);
			runOnlyForDeploymentPostprocessing = 0;
		};
		311516EE28A81DD600404D04 /* Sources */ = {
			isa = PBXSourcesBuildPhase;
			buildActionMask = 2147483647;
			files = (
				311516F728A81DD600404D04 /* TwitterUICopyTests.swift in Sources */,
			);
			runOnlyForDeploymentPostprocessing = 0;
		};
		311516F828A81DD600404D04 /* Sources */ = {
			isa = PBXSourcesBuildPhase;
			buildActionMask = 2147483647;
			files = (
				3115170128A81DD600404D04 /* TwitterUICopyUITests.swift in Sources */,
				3115170328A81DD600404D04 /* TwitterUICopyUITestsLaunchTests.swift in Sources */,
			);
			runOnlyForDeploymentPostprocessing = 0;
		};
/* End PBXSourcesBuildPhase section */

/* Begin PBXTargetDependency section */
		311516F428A81DD600404D04 /* PBXTargetDependency */ = {
			isa = PBXTargetDependency;
			target = 311516E128A81DD500404D04 /* TwitterUICopy */;
			targetProxy = 311516F328A81DD600404D04 /* PBXContainerItemProxy */;
		};
		311516FE28A81DD600404D04 /* PBXTargetDependency */ = {
			isa = PBXTargetDependency;
			target = 311516E128A81DD500404D04 /* TwitterUICopy */;
			targetProxy = 311516FD28A81DD600404D04 /* PBXContainerItemProxy */;
		};
/* End PBXTargetDependency section */

/* Begin XCBuildConfiguration section */
		3115170428A81DD600404D04 /* Debug */ = {
			isa = XCBuildConfiguration;
			buildSettings = {
				ALWAYS_SEARCH_USER_PATHS = NO;
				CLANG_ANALYZER_NONNULL = YES;
				CLANG_ANALYZER_NUMBER_OBJECT_CONVERSION = YES_AGGRESSIVE;
				CLANG_CXX_LANGUAGE_STANDARD = "gnu++17";
				CLANG_CXX_LIBRARY = "libc++";
				CLANG_ENABLE_MODULES = YES;
				CLANG_ENABLE_OBJC_ARC = YES;
				CLANG_ENABLE_OBJC_WEAK = YES;
				CLANG_WARN_BLOCK_CAPTURE_AUTORELEASING = YES;
				CLANG_WARN_BOOL_CONVERSION = YES;
				CLANG_WARN_COMMA = YES;
				CLANG_WARN_CONSTANT_CONVERSION = YES;
				CLANG_WARN_DEPRECATED_OBJC_IMPLEMENTATIONS = YES;
				CLANG_WARN_DIRECT_OBJC_ISA_USAGE = YES_ERROR;
				CLANG_WARN_DOCUMENTATION_COMMENTS = YES;
				CLANG_WARN_EMPTY_BODY = YES;
				CLANG_WARN_ENUM_CONVERSION = YES;
				CLANG_WARN_INFINITE_RECURSION = YES;
				CLANG_WARN_INT_CONVERSION = YES;
				CLANG_WARN_NON_LITERAL_NULL_CONVERSION = YES;
				CLANG_WARN_OBJC_IMPLICIT_RETAIN_SELF = YES;
				CLANG_WARN_OBJC_LITERAL_CONVERSION = YES;
				CLANG_WARN_OBJC_ROOT_CLASS = YES_ERROR;
				CLANG_WARN_QUOTED_INCLUDE_IN_FRAMEWORK_HEADER = YES;
				CLANG_WARN_RANGE_LOOP_ANALYSIS = YES;
				CLANG_WARN_STRICT_PROTOTYPES = YES;
				CLANG_WARN_SUSPICIOUS_MOVE = YES;
				CLANG_WARN_UNGUARDED_AVAILABILITY = YES_AGGRESSIVE;
				CLANG_WARN_UNREACHABLE_CODE = YES;
				CLANG_WARN__DUPLICATE_METHOD_MATCH = YES;
				COPY_PHASE_STRIP = NO;
				DEBUG_INFORMATION_FORMAT = dwarf;
				ENABLE_STRICT_OBJC_MSGSEND = YES;
				ENABLE_TESTABILITY = YES;
				GCC_C_LANGUAGE_STANDARD = gnu11;
				GCC_DYNAMIC_NO_PIC = NO;
				GCC_NO_COMMON_BLOCKS = YES;
				GCC_OPTIMIZATION_LEVEL = 0;
				GCC_PREPROCESSOR_DEFINITIONS = (
					"DEBUG=1",
					"$(inherited)",
				);
				GCC_WARN_64_TO_32_BIT_CONVERSION = YES;
				GCC_WARN_ABOUT_RETURN_TYPE = YES_ERROR;
				GCC_WARN_UNDECLARED_SELECTOR = YES;
				GCC_WARN_UNINITIALIZED_AUTOS = YES_AGGRESSIVE;
				GCC_WARN_UNUSED_FUNCTION = YES;
				GCC_WARN_UNUSED_VARIABLE = YES;
				IPHONEOS_DEPLOYMENT_TARGET = 15.0;
				MTL_ENABLE_DEBUG_INFO = INCLUDE_SOURCE;
				MTL_FAST_MATH = YES;
				ONLY_ACTIVE_ARCH = YES;
				SDKROOT = iphoneos;
				SWIFT_ACTIVE_COMPILATION_CONDITIONS = DEBUG;
				SWIFT_OPTIMIZATION_LEVEL = "-Onone";
			};
			name = Debug;
		};
		3115170528A81DD600404D04 /* Release */ = {
			isa = XCBuildConfiguration;
			buildSettings = {
				ALWAYS_SEARCH_USER_PATHS = NO;
				CLANG_ANALYZER_NONNULL = YES;
				CLANG_ANALYZER_NUMBER_OBJECT_CONVERSION = YES_AGGRESSIVE;
				CLANG_CXX_LANGUAGE_STANDARD = "gnu++17";
				CLANG_CXX_LIBRARY = "libc++";
				CLANG_ENABLE_MODULES = YES;
				CLANG_ENABLE_OBJC_ARC = YES;
				CLANG_ENABLE_OBJC_WEAK = YES;
				CLANG_WARN_BLOCK_CAPTURE_AUTORELEASING = YES;
				CLANG_WARN_BOOL_CONVERSION = YES;
				CLANG_WARN_COMMA = YES;
				CLANG_WARN_CONSTANT_CONVERSION = YES;
				CLANG_WARN_DEPRECATED_OBJC_IMPLEMENTATIONS = YES;
				CLANG_WARN_DIRECT_OBJC_ISA_USAGE = YES_ERROR;
				CLANG_WARN_DOCUMENTATION_COMMENTS = YES;
				CLANG_WARN_EMPTY_BODY = YES;
				CLANG_WARN_ENUM_CONVERSION = YES;
				CLANG_WARN_INFINITE_RECURSION = YES;
				CLANG_WARN_INT_CONVERSION = YES;
				CLANG_WARN_NON_LITERAL_NULL_CONVERSION = YES;
				CLANG_WARN_OBJC_IMPLICIT_RETAIN_SELF = YES;
				CLANG_WARN_OBJC_LITERAL_CONVERSION = YES;
				CLANG_WARN_OBJC_ROOT_CLASS = YES_ERROR;
				CLANG_WARN_QUOTED_INCLUDE_IN_FRAMEWORK_HEADER = YES;
				CLANG_WARN_RANGE_LOOP_ANALYSIS = YES;
				CLANG_WARN_STRICT_PROTOTYPES = YES;
				CLANG_WARN_SUSPICIOUS_MOVE = YES;
				CLANG_WARN_UNGUARDED_AVAILABILITY = YES_AGGRESSIVE;
				CLANG_WARN_UNREACHABLE_CODE = YES;
				CLANG_WARN__DUPLICATE_METHOD_MATCH = YES;
				COPY_PHASE_STRIP = NO;
				DEBUG_INFORMATION_FORMAT = "dwarf-with-dsym";
				ENABLE_NS_ASSERTIONS = NO;
				ENABLE_STRICT_OBJC_MSGSEND = YES;
				GCC_C_LANGUAGE_STANDARD = gnu11;
				GCC_NO_COMMON_BLOCKS = YES;
				GCC_WARN_64_TO_32_BIT_CONVERSION = YES;
				GCC_WARN_ABOUT_RETURN_TYPE = YES_ERROR;
				GCC_WARN_UNDECLARED_SELECTOR = YES;
				GCC_WARN_UNINITIALIZED_AUTOS = YES_AGGRESSIVE;
				GCC_WARN_UNUSED_FUNCTION = YES;
				GCC_WARN_UNUSED_VARIABLE = YES;
				IPHONEOS_DEPLOYMENT_TARGET = 15.0;
				MTL_ENABLE_DEBUG_INFO = NO;
				MTL_FAST_MATH = YES;
				SDKROOT = iphoneos;
				SWIFT_COMPILATION_MODE = wholemodule;
				SWIFT_OPTIMIZATION_LEVEL = "-O";
				VALIDATE_PRODUCT = YES;
			};
			name = Release;
		};
		3115170728A81DD600404D04 /* Debug */ = {
			isa = XCBuildConfiguration;
			buildSettings = {
				ASSETCATALOG_COMPILER_APPICON_NAME = AppIcon;
				ASSETCATALOG_COMPILER_GLOBAL_ACCENT_COLOR_NAME = AccentColor;
				CODE_SIGN_STYLE = Automatic;
				CURRENT_PROJECT_VERSION = 1;
				DEVELOPMENT_ASSET_PATHS = "\"TwitterUICopy/Preview Content\"";
				DEVELOPMENT_TEAM = 4W56J6H3P5;
				ENABLE_PREVIEWS = YES;
				GENERATE_INFOPLIST_FILE = YES;
				INFOPLIST_KEY_UIApplicationSceneManifest_Generation = YES;
				INFOPLIST_KEY_UIApplicationSupportsIndirectInputEvents = YES;
				INFOPLIST_KEY_UILaunchScreen_Generation = YES;
				INFOPLIST_KEY_UISupportedInterfaceOrientations_iPad = "UIInterfaceOrientationPortrait UIInterfaceOrientationPortraitUpsideDown UIInterfaceOrientationLandscapeLeft UIInterfaceOrientationLandscapeRight";
				INFOPLIST_KEY_UISupportedInterfaceOrientations_iPhone = "UIInterfaceOrientationPortrait UIInterfaceOrientationLandscapeLeft UIInterfaceOrientationLandscapeRight";
				LD_RUNPATH_SEARCH_PATHS = (
					"$(inherited)",
					"@executable_path/Frameworks",
				);
				MARKETING_VERSION = 1.0;
				PRODUCT_BUNDLE_IDENTIFIER = com.maniakapps.TwitterUICopy;
				PRODUCT_NAME = "$(TARGET_NAME)";
				SWIFT_EMIT_LOC_STRINGS = YES;
				SWIFT_VERSION = 5.0;
				TARGETED_DEVICE_FAMILY = "1,2";
			};
			name = Debug;
		};
		3115170828A81DD600404D04 /* Release */ = {
			isa = XCBuildConfiguration;
			buildSettings = {
				ASSETCATALOG_COMPILER_APPICON_NAME = AppIcon;
				ASSETCATALOG_COMPILER_GLOBAL_ACCENT_COLOR_NAME = AccentColor;
				CODE_SIGN_STYLE = Automatic;
				CURRENT_PROJECT_VERSION = 1;
				DEVELOPMENT_ASSET_PATHS = "\"TwitterUICopy/Preview Content\"";
				DEVELOPMENT_TEAM = 4W56J6H3P5;
				ENABLE_PREVIEWS = YES;
				GENERATE_INFOPLIST_FILE = YES;
				INFOPLIST_KEY_UIApplicationSceneManifest_Generation = YES;
				INFOPLIST_KEY_UIApplicationSupportsIndirectInputEvents = YES;
				INFOPLIST_KEY_UILaunchScreen_Generation = YES;
				INFOPLIST_KEY_UISupportedInterfaceOrientations_iPad = "UIInterfaceOrientationPortrait UIInterfaceOrientationPortraitUpsideDown UIInterfaceOrientationLandscapeLeft UIInterfaceOrientationLandscapeRight";
				INFOPLIST_KEY_UISupportedInterfaceOrientations_iPhone = "UIInterfaceOrientationPortrait UIInterfaceOrientationLandscapeLeft UIInterfaceOrientationLandscapeRight";
				LD_RUNPATH_SEARCH_PATHS = (
					"$(inherited)",
					"@executable_path/Frameworks",
				);
				MARKETING_VERSION = 1.0;
				PRODUCT_BUNDLE_IDENTIFIER = com.maniakapps.TwitterUICopy;
				PRODUCT_NAME = "$(TARGET_NAME)";
				SWIFT_EMIT_LOC_STRINGS = YES;
				SWIFT_VERSION = 5.0;
				TARGETED_DEVICE_FAMILY = "1,2";
			};
			name = Release;
		};
		3115170A28A81DD600404D04 /* Debug */ = {
			isa = XCBuildConfiguration;
			buildSettings = {
				ALWAYS_EMBED_SWIFT_STANDARD_LIBRARIES = YES;
				BUNDLE_LOADER = "$(TEST_HOST)";
				CODE_SIGN_STYLE = Automatic;
				CURRENT_PROJECT_VERSION = 1;
				DEVELOPMENT_TEAM = 4W56J6H3P5;
				GENERATE_INFOPLIST_FILE = YES;
				IPHONEOS_DEPLOYMENT_TARGET = 15.0;
				LD_RUNPATH_SEARCH_PATHS = (
					"$(inherited)",
					"@executable_path/Frameworks",
					"@loader_path/Frameworks",
				);
				MARKETING_VERSION = 1.0;
				PRODUCT_BUNDLE_IDENTIFIER = com.maniakapps.TwitterUICopyTests;
				PRODUCT_NAME = "$(TARGET_NAME)";
				SWIFT_EMIT_LOC_STRINGS = NO;
				SWIFT_VERSION = 5.0;
				TARGETED_DEVICE_FAMILY = "1,2";
				TEST_HOST = "$(BUILT_PRODUCTS_DIR)/TwitterUICopy.app/TwitterUICopy";
			};
			name = Debug;
		};
		3115170B28A81DD600404D04 /* Release */ = {
			isa = XCBuildConfiguration;
			buildSettings = {
				ALWAYS_EMBED_SWIFT_STANDARD_LIBRARIES = YES;
				BUNDLE_LOADER = "$(TEST_HOST)";
				CODE_SIGN_STYLE = Automatic;
				CURRENT_PROJECT_VERSION = 1;
				DEVELOPMENT_TEAM = 4W56J6H3P5;
				GENERATE_INFOPLIST_FILE = YES;
				IPHONEOS_DEPLOYMENT_TARGET = 15.0;
				LD_RUNPATH_SEARCH_PATHS = (
					"$(inherited)",
					"@executable_path/Frameworks",
					"@loader_path/Frameworks",
				);
				MARKETING_VERSION = 1.0;
				PRODUCT_BUNDLE_IDENTIFIER = com.maniakapps.TwitterUICopyTests;
				PRODUCT_NAME = "$(TARGET_NAME)";
				SWIFT_EMIT_LOC_STRINGS = NO;
				SWIFT_VERSION = 5.0;
				TARGETED_DEVICE_FAMILY = "1,2";
				TEST_HOST = "$(BUILT_PRODUCTS_DIR)/TwitterUICopy.app/TwitterUICopy";
			};
			name = Release;
		};
		3115170D28A81DD600404D04 /* Debug */ = {
			isa = XCBuildConfiguration;
			buildSettings = {
				ALWAYS_EMBED_SWIFT_STANDARD_LIBRARIES = YES;
				CODE_SIGN_STYLE = Automatic;
				CURRENT_PROJECT_VERSION = 1;
				DEVELOPMENT_TEAM = 4W56J6H3P5;
				GENERATE_INFOPLIST_FILE = YES;
				LD_RUNPATH_SEARCH_PATHS = (
					"$(inherited)",
					"@executable_path/Frameworks",
					"@loader_path/Frameworks",
				);
				MARKETING_VERSION = 1.0;
				PRODUCT_BUNDLE_IDENTIFIER = com.maniakapps.TwitterUICopyUITests;
				PRODUCT_NAME = "$(TARGET_NAME)";
				SWIFT_EMIT_LOC_STRINGS = NO;
				SWIFT_VERSION = 5.0;
				TARGETED_DEVICE_FAMILY = "1,2";
				TEST_TARGET_NAME = TwitterUICopy;
			};
			name = Debug;
		};
		3115170E28A81DD600404D04 /* Release */ = {
			isa = XCBuildConfiguration;
			buildSettings = {
				ALWAYS_EMBED_SWIFT_STANDARD_LIBRARIES = YES;
				CODE_SIGN_STYLE = Automatic;
				CURRENT_PROJECT_VERSION = 1;
				DEVELOPMENT_TEAM = 4W56J6H3P5;
				GENERATE_INFOPLIST_FILE = YES;
				LD_RUNPATH_SEARCH_PATHS = (
					"$(inherited)",
					"@executable_path/Frameworks",
					"@loader_path/Frameworks",
				);
				MARKETING_VERSION = 1.0;
				PRODUCT_BUNDLE_IDENTIFIER = com.maniakapps.TwitterUICopyUITests;
				PRODUCT_NAME = "$(TARGET_NAME)";
				SWIFT_EMIT_LOC_STRINGS = NO;
				SWIFT_VERSION = 5.0;
				TARGETED_DEVICE_FAMILY = "1,2";
				TEST_TARGET_NAME = TwitterUICopy;
			};
			name = Release;
		};
/* End XCBuildConfiguration section */

/* Begin XCConfigurationList section */
		311516DD28A81DD500404D04 /* Build configuration list for PBXProject "TwitterUICopy" */ = {
			isa = XCConfigurationList;
			buildConfigurations = (
				3115170428A81DD600404D04 /* Debug */,
				3115170528A81DD600404D04 /* Release */,
			);
			defaultConfigurationIsVisible = 0;
			defaultConfigurationName = Release;
		};
		3115170628A81DD600404D04 /* Build configuration list for PBXNativeTarget "TwitterUICopy" */ = {
			isa = XCConfigurationList;
			buildConfigurations = (
				3115170728A81DD600404D04 /* Debug */,
				3115170828A81DD600404D04 /* Release */,
			);
			defaultConfigurationIsVisible = 0;
			defaultConfigurationName = Release;
		};
		3115170928A81DD600404D04 /* Build configuration list for PBXNativeTarget "TwitterUICopyTests" */ = {
			isa = XCConfigurationList;
			buildConfigurations = (
				3115170A28A81DD600404D04 /* Debug */,
				3115170B28A81DD600404D04 /* Release */,
			);
			defaultConfigurationIsVisible = 0;
			defaultConfigurationName = Release;
		};
		3115170C28A81DD600404D04 /* Build configuration list for PBXNativeTarget "TwitterUICopyUITests" */ = {
			isa = XCConfigurationList;
			buildConfigurations = (
				3115170D28A81DD600404D04 /* Debug */,
				3115170E28A81DD600404D04 /* Release */,
			);
			defaultConfigurationIsVisible = 0;
			defaultConfigurationName = Release;
		};
/* End XCConfigurationList section */
	};
	rootObject = 311516DA28A81DD500404D04 /* Project object */;
}
